{
    "_meta": {
        "hash": {
            "sha256": "459d85ee731cb3aba066d3fc4c4a5408f6f9461b8b6ba16e3912a9408b5c528a"
        },
        "pipfile-spec": 6,
        "requires": {
            "python_version": "3.9"
        },
        "sources": [
            {
                "name": "pypi",
                "url": "https://pypi.org/simple",
                "verify_ssl": true
            }
        ]
    },
    "default": {
        "pygetwindow": {
            "editable": true,
            "path": "."
        },
        "pyrect": {
            "hashes": [
                "sha256:3b2fa7353ce32a11aa6b0a15495968d2a763423c8947ae248b92c037def4e202"
            ],
            "version": "==0.1.4"
        }
    },
    "develop": {}
}
